
Microsoft Visual Studio Solution File, Format Version 12.00
# Visual Studio 15
VisualStudioVersion = 15.0.28307.271
MinimumVisualStudioVersion = 10.0.40219.1
Project("{FAE04EC0-301F-11D3-BF4B-00C04F79EFBC}") = "SAP_XRISK_WS", "..\..\SAP B1 integration with X-Risk\SAP_XRISK_Integration\SAP_XRISK_Integration\SAP_XRISK_WS\SAP_XRISK_WS.csproj", "{EBB1D10E-90D9-42F8-A5B5-A55BCE777BB6}"
EndProject
Global
	GlobalSection(SolutionConfigurationPlatforms) = preSolution
		Debug|Any CPU = Debug|Any CPU
		Release|Any CPU = Release|Any CPU
	EndGlobalSection
	GlobalSection(ProjectConfigurationPlatforms) = postSolution
		{EBB1D10E-90D9-42F8-A5B5-A55BCE777BB6}.Debug|Any CPU.ActiveCfg = Debug|Any CPU
		{EBB1D10E-90D9-42F8-A5B5-A55BCE777BB6}.Debug|Any CPU.Build.0 = Debug|Any CPU
		{EBB1D10E-90D9-42F8-A5B5-A55BCE777BB6}.Release|Any CPU.ActiveCfg = Release|Any CPU
		{EBB1D10E-90D9-42F8-A5B5-A55BCE777BB6}.Release|Any CPU.Build.0 = Release|Any CPU
	EndGlobalSection
	GlobalSection(SolutionProperties) = preSolution
		HideSolutionNode = FALSE
	EndGlobalSection
	GlobalSection(ExtensibilityGlobals) = postSolution
		SolutionGuid = {203A8E30-8DA0-4375-88F3-D3ABBA0CE5C2}
	EndGlobalSection
	GlobalSection(TeamFoundationVersionControl) = preSolution
		SccNumberOfProjects = 2
		SccEnterpriseProvider = {4CA58AB2-18FA-4F8D-95D4-32DDF27D184C}
		SccTeamFoundationServer = https://abit-consulting.visualstudio.com/
		SccLocalPath0 = .
		SccProjectUniqueName1 = ..\\..\\SAP\u0020B1\u0020integration\u0020with\u0020X-Risk\\SAP_XRISK_Integration\\SAP_XRISK_Integration\\SAP_XRISK_WS\\SAP_XRISK_WS.csproj
		SccProjectName1 = ../../SAP_XRISK_Integration/SAP_XRISK_Integration/SAP_XRISK_WS
		SccLocalPath1 = ..\\..\\SAP\u0020B1\u0020integration\u0020with\u0020X-Risk\\SAP_XRISK_Integration\\SAP_XRISK_Integration\\SAP_XRISK_WS
	EndGlobalSection
EndGlobal
